
Microsoft Visual Studio Solution File, Format Version 12.00
# Visual Studio Version 17
VisualStudioVersion = 17.4.33205.214
MinimumVisualStudioVersion = 10.0.40219.1
Project("{FAE04EC0-301F-11D3-BF4B-00C04F79EFBC}") = "HelloWorld", "Hello Wolrd\HelloWorld.csproj", "{AB741A4F-F1FF-4700-B53A-44F0ABF69652}"
EndProject
Project("{FAE04EC0-301F-11D3-BF4B-00C04F79EFBC}") = "LengthTest", "LengthTest\LengthTest.csproj", "{F196EE44-D2A1-48A0-BC7E-1C65BFDA46B3}"
EndProject
Global
	GlobalSection(SolutionConfigurationPlatforms) = preSolution
		Debug|Any CPU = Debug|Any CPU
		Release|Any CPU = Release|Any CPU
	EndGlobalSection
	GlobalSection(ProjectConfigurationPlatforms) = postSolution
		{AB741A4F-F1FF-4700-B53A-44F0ABF69652}.Debug|Any CPU.ActiveCfg = Debug|Any CPU
		{AB741A4F-F1FF-4700-B53A-44F0ABF69652}.Debug|Any CPU.Build.0 = Debug|Any CPU
		{AB741A4F-F1FF-4700-B53A-44F0ABF69652}.Release|Any CPU.ActiveCfg = Release|Any CPU
		{AB741A4F-F1FF-4700-B53A-44F0ABF69652}.Release|Any CPU.Build.0 = Release|Any CPU
		{F196EE44-D2A1-48A0-BC7E-1C65BFDA46B3}.Debug|Any CPU.ActiveCfg = Debug|Any CPU
		{F196EE44-D2A1-48A0-BC7E-1C65BFDA46B3}.Debug|Any CPU.Build.0 = Debug|Any CPU
		{F196EE44-D2A1-48A0-BC7E-1C65BFDA46B3}.Release|Any CPU.ActiveCfg = Release|Any CPU
		{F196EE44-D2A1-48A0-BC7E-1C65BFDA46B3}.Release|Any CPU.Build.0 = Release|Any CPU
	EndGlobalSection
	GlobalSection(SolutionProperties) = preSolution
		HideSolutionNode = FALSE
	EndGlobalSection
	GlobalSection(ExtensibilityGlobals) = postSolution
		SolutionGuid = {F7F08550-7187-4519-B800-AFDBE7CBA41A}
	EndGlobalSection
EndGlobal
